{
  "name": "@platform/core",
  "version": "1.0.0",
  "lockfileVersion": 1,
  "requires": true,
  "dependencies": {
    "@types/immutable": {
      "version": "3.8.7",
      "resolved": "https://registry.nlark.com/@types/immutable/download/@types/immutable-3.8.7.tgz",
      "integrity": "sha1-U20z0w8/PZptRkKiGUGf2Cr2M/s=",
      "requires": {
        "immutable": "*"
      }
    },
    "immutable": {
      "version": "4.0.0-rc.14",
      "resolved": "https://registry.nlark.com/immutable/download/immutable-4.0.0-rc.14.tgz",
      "integrity": "sha1-KbqWYx7BCGfRNIUVrE5r26Ri8HE="
    },
    "ramda": {
      "version": "0.27.1",
      "resolved": "https://registry.npm.taobao.org/ramda/download/ramda-0.27.1.tgz",
      "integrity": "sha1-Zvwt8++HOHT/wtpqqJhGWKus9ck="
    },
    "rxjs": {
      "version": "7.3.0",
      "resolved": "https://registry.nlark.com/rxjs/download/rxjs-7.3.0.tgz",
      "integrity": "sha1-Of5PNGHcHlC+FHWyuFoKiMHpOMY=",
      "requires": {
        "tslib": "~2.1.0"
      }
    },
    "tslib": {
      "version": "2.1.0",
      "resolved": "https://registry.nlark.com/tslib/download/tslib-2.1.0.tgz?cache=0&sync_timestamp=1628722556410&other_urls=https%3A%2F%2Fregistry.nlark.com%2Ftslib%2Fdownload%2Ftslib-2.1.0.tgz",
      "integrity": "sha1-2mCGDxwuyqVwOrfTm8Bba/mIuXo="
    },
    "typescript": {
      "version": "4.3.5",
      "resolved": "https://registry.nlark.com/typescript/download/typescript-4.3.5.tgz",
      "integrity": "sha1-TRw3zBbok5c8RaBohrcRMjTxGfQ=",
      "dev": true
    }
  }
}
